# This file is autogenerated, do not edit; changes may be undone by the next 'dep ensure'.


[[projects]]
  name = "github.com/contribsys/faktory"
  packages = ["client"]
  revision = "db281f9cffe078ad988f705f9e58c86998b7c4cd"
  version = "v0.8.0-1"

[[projects]]
  branch = "master"
  name = "github.com/contribsys/faktory_worker_go"
  packages = ["."]
  revision = "de58a756280d12741a9b36e7acc26aa9e639b178"

[solve-meta]
  analyzer-name = "dep"
  analyzer-version = 1
  inputs-digest = "a5d242c5242fe17a2948e8c624b2f75b20e782cb9c11c75b940e411f0d72ed70"
  solver-name = "gps-cdcl"
  solver-version = 1
